
Microsoft Visual Studio Solution File, Format Version 12.00
# Visual Studio Version 17
VisualStudioVersion = 17.4.33110.190
MinimumVisualStudioVersion = 10.0.40219.1
Project("{FAE04EC0-301F-11D3-BF4B-00C04F79EFBC}") = "Ecommerce", "Ecommerce\Ecommerce.csproj", "{05BDA77F-C750-47DD-9FB7-16614C6AF8D9}"
EndProject
Project("{FAE04EC0-301F-11D3-BF4B-00C04F79EFBC}") = "DataModels", "DataModels\DataModels.csproj", "{CC5C94AC-5DFD-4DB7-B073-11636E7B3360}"
EndProject
Project("{FAE04EC0-301F-11D3-BF4B-00C04F79EFBC}") = "DataServiceLayer", "DataServiceLayer\DataServiceLayer.csproj", "{E3CA0240-2293-4950-9D3E-B017D16FB50E}"
EndProject
Project("{FAE04EC0-301F-11D3-BF4B-00C04F79EFBC}") = "RepositoryLayer", "RepositoryLayer\RepositoryLayer.csproj", "{58110C47-F975-43BF-82E9-216119215BF5}"
EndProject
Global
	GlobalSection(SolutionConfigurationPlatforms) = preSolution
		Debug|Any CPU = Debug|Any CPU
		Release|Any CPU = Release|Any CPU
	EndGlobalSection
	GlobalSection(ProjectConfigurationPlatforms) = postSolution
		{05BDA77F-C750-47DD-9FB7-16614C6AF8D9}.Debug|Any CPU.ActiveCfg = Debug|Any CPU
		{05BDA77F-C750-47DD-9FB7-16614C6AF8D9}.Debug|Any CPU.Build.0 = Debug|Any CPU
		{05BDA77F-C750-47DD-9FB7-16614C6AF8D9}.Release|Any CPU.ActiveCfg = Release|Any CPU
		{05BDA77F-C750-47DD-9FB7-16614C6AF8D9}.Release|Any CPU.Build.0 = Release|Any CPU
		{CC5C94AC-5DFD-4DB7-B073-11636E7B3360}.Debug|Any CPU.ActiveCfg = Debug|Any CPU
		{CC5C94AC-5DFD-4DB7-B073-11636E7B3360}.Debug|Any CPU.Build.0 = Debug|Any CPU
		{CC5C94AC-5DFD-4DB7-B073-11636E7B3360}.Release|Any CPU.ActiveCfg = Release|Any CPU
		{CC5C94AC-5DFD-4DB7-B073-11636E7B3360}.Release|Any CPU.Build.0 = Release|Any CPU
		{E3CA0240-2293-4950-9D3E-B017D16FB50E}.Debug|Any CPU.ActiveCfg = Debug|Any CPU
		{E3CA0240-2293-4950-9D3E-B017D16FB50E}.Debug|Any CPU.Build.0 = Debug|Any CPU
		{E3CA0240-2293-4950-9D3E-B017D16FB50E}.Release|Any CPU.ActiveCfg = Release|Any CPU
		{E3CA0240-2293-4950-9D3E-B017D16FB50E}.Release|Any CPU.Build.0 = Release|Any CPU
		{58110C47-F975-43BF-82E9-216119215BF5}.Debug|Any CPU.ActiveCfg = Debug|Any CPU
		{58110C47-F975-43BF-82E9-216119215BF5}.Debug|Any CPU.Build.0 = Debug|Any CPU
		{58110C47-F975-43BF-82E9-216119215BF5}.Release|Any CPU.ActiveCfg = Release|Any CPU
		{58110C47-F975-43BF-82E9-216119215BF5}.Release|Any CPU.Build.0 = Release|Any CPU
	EndGlobalSection
	GlobalSection(SolutionProperties) = preSolution
		HideSolutionNode = FALSE
	EndGlobalSection
	GlobalSection(ExtensibilityGlobals) = postSolution
		SolutionGuid = {1B19297D-3457-406F-9B19-34CE00FF6499}
	EndGlobalSection
EndGlobal
